
Microsoft Visual Studio Solution File, Format Version 12.00
# Visual Studio Version 17
VisualStudioVersion = 17.8.34322.80
MinimumVisualStudioVersion = 10.0.40219.1
Project("{FAE04EC0-301F-11D3-BF4B-00C04F79EFBC}") = "Picoage.RepositoryPattern", "Picoage.RepositoryPattern\Picoage.RepositoryPattern.csproj", "{5167C52D-D646-4075-8582-7A9D0CBE1C93}"
EndProject
Global
	GlobalSection(SolutionConfigurationPlatforms) = preSolution
		Debug|Any CPU = Debug|Any CPU
		Release|Any CPU = Release|Any CPU
	EndGlobalSection
	GlobalSection(ProjectConfigurationPlatforms) = postSolution
		{5167C52D-D646-4075-8582-7A9D0CBE1C93}.Debug|Any CPU.ActiveCfg = Debug|Any CPU
		{5167C52D-D646-4075-8582-7A9D0CBE1C93}.Debug|Any CPU.Build.0 = Debug|Any CPU
		{5167C52D-D646-4075-8582-7A9D0CBE1C93}.Release|Any CPU.ActiveCfg = Release|Any CPU
		{5167C52D-D646-4075-8582-7A9D0CBE1C93}.Release|Any CPU.Build.0 = Release|Any CPU
	EndGlobalSection
	GlobalSection(SolutionProperties) = preSolution
		HideSolutionNode = FALSE
	EndGlobalSection
	GlobalSection(ExtensibilityGlobals) = postSolution
		SolutionGuid = {2A03DE89-C19B-43DC-9B95-B4905844958A}
	EndGlobalSection
EndGlobal
